# This file is automatically @generated by Cargo.
# It is not intended for manual editing.
version = 4

[[package]]
name = "lang-cli"
version = "0.1.0"
dependencies = [
 "lang-codegen",
 "lang-frontend",
]

[[package]]
name = "lang-codegen"
version = "0.1.0"
dependencies = [
 "lang-frontend",
]

[[package]]
name = "lang-frontend"
version = "0.1.0"

[[package]]
name = "lang-lsp"
version = "0.1.0"
dependencies = [
 "lang-frontend",
]

[[package]]
name = "lang-std"
version = "0.1.0"
